
Microsoft Visual Studio Solution File, Format Version 12.00
# Visual Studio Version 17
VisualStudioVersion = 17.0.31919.166
MinimumVisualStudioVersion = 10.0.40219.1
Project("{9A19103F-16F7-4668-BE54-9A1E7A4F7556}") = "Game", "Game.csproj", "{416692C2-910A-47A2-BAD8-84123DE37970}"
EndProject
Global
	GlobalSection(SolutionConfigurationPlatforms) = preSolution
		Debug|Any CPU = Debug|Any CPU
		Release|Any CPU = Release|Any CPU
	EndGlobalSection
	GlobalSection(ProjectConfigurationPlatforms) = postSolution
		{416692C2-910A-47A2-BAD8-84123DE37970}.Debug|Any CPU.ActiveCfg = Debug|Any CPU
		{416692C2-910A-47A2-BAD8-84123DE37970}.Debug|Any CPU.Build.0 = Debug|Any CPU
		{416692C2-910A-47A2-BAD8-84123DE37970}.Release|Any CPU.ActiveCfg = Release|Any CPU
		{416692C2-910A-47A2-BAD8-84123DE37970}.Release|Any CPU.Build.0 = Release|Any CPU
	EndGlobalSection
	GlobalSection(SolutionProperties) = preSolution
		HideSolutionNode = FALSE
	EndGlobalSection
	GlobalSection(ExtensibilityGlobals) = postSolution
		SolutionGuid = {74D0369C-ADCD-4A20-B93B-544EFC31D37C}
	EndGlobalSection
EndGlobal
